// !$*UTF8*$!
{
	archiveVersion = 1;
	classes = {
	};
	objectVersion = 50;
	objects = {

/* Begin PBXBuildFile section */
		943EAC56216C5B740095522A /* AppDelegate.m in Sources */ = {isa = PBXBuildFile; fileRef = 943EAC55216C5B740095522A /* AppDelegate.m */; };
		943EAC59216C5B740095522A /* ViewController.m in Sources */ = {isa = PBXBuildFile; fileRef = 943EAC58216C5B740095522A /* ViewController.m */; };
		943EAC5E216C5B760095522A /* Assets.xcassets in Resources */ = {isa = PBXBuildFile; fileRef = 943EAC5D216C5B760095522A /* Assets.xcassets */; };
		943EAC61216C5B760095522A /* LaunchScreen.storyboard in Resources */ = {isa = PBXBuildFile; fileRef = 943EAC5F216C5B760095522A /* LaunchScreen.storyboard */; };
		943EAC64216C5B760095522A /* main.m in Sources */ = {isa = PBXBuildFile; fileRef = 943EAC63216C5B760095522A /* main.m */; };
		943EAC6E216C5B760095522A /* TimeTests.m in Sources */ = {isa = PBXBuildFile; fileRef = 943EAC6D216C5B760095522A /* TimeTests.m */; };
		943EAC79216C5B760095522A /* TimeUITests.m in Sources */ = {isa = PBXBuildFile; fileRef = 943EAC78216C5B760095522A /* TimeUITests.m */; };
		943EAC89216C5C980095522A /* CJTimeConfig.m in Sources */ = {isa = PBXBuildFile; fileRef = 943EAC88216C5C980095522A /* CJTimeConfig.m */; };
		943EAC8C216C8BAE0095522A /* CJTime.m in Sources */ = {isa = PBXBuildFile; fileRef = 943EAC8B216C8BAE0095522A /* CJTime.m */; };
/* End PBXBuildFile section */

/* Begin PBXContainerItemProxy section */
		943EAC6A216C5B760095522A /* PBXContainerItemProxy */ = {
			isa = PBXContainerItemProxy;
			containerPortal = 943EAC49216C5B740095522A /* Project object */;
			proxyType = 1;
			remoteGlobalIDString = 943EAC50216C5B740095522A;
			remoteInfo = Time;
		};
		943EAC75216C5B760095522A /* PBXContainerItemProxy */ = {
			isa = PBXContainerItemProxy;
			containerPortal = 943EAC49216C5B740095522A /* Project object */;
			proxyType = 1;
			remoteGlobalIDString = 943EAC50216C5B740095522A;
			remoteInfo = Time;
		};
/* End PBXContainerItemProxy section */

/* Begin PBXFileReference section */
		943EAC51216C5B740095522A /* Time.app */ = {isa = PBXFileReference; explicitFileType = wrapper.application; includeInIndex = 0; path = Time.app; sourceTree = BUILT_PRODUCTS_DIR; };
		943EAC54216C5B740095522A /* AppDelegate.h */ = {isa = PBXFileReference; lastKnownFileType = sourcecode.c.h; path = AppDelegate.h; sourceTree = "<group>"; };
		943EAC55216C5B740095522A /* AppDelegate.m */ = {isa = PBXFileReference; lastKnownFileType = sourcecode.c.objc; path = AppDelegate.m; sourceTree = "<group>"; };
		943EAC57216C5B740095522A /* ViewController.h */ = {isa = PBXFileReference; lastKnownFileType = sourcecode.c.h; path = ViewController.h; sourceTree = "<group>"; };
		943EAC58216C5B740095522A /* ViewController.m */ = {isa = PBXFileReference; lastKnownFileType = sourcecode.c.objc; path = ViewController.m; sourceTree = "<group>"; };
		943EAC5D216C5B760095522A /* Assets.xcassets */ = {isa = PBXFileReference; lastKnownFileType = folder.assetcatalog; path = Assets.xcassets; sourceTree = "<group>"; };
		943EAC60216C5B760095522A /* Base */ = {isa = PBXFileReference; lastKnownFileType = file.storyboard; name = Base; path = Base.lproj/LaunchScreen.storyboard; sourceTree = "<group>"; };
		943EAC62216C5B760095522A /* Info.plist */ = {isa = PBXFileReference; lastKnownFileType = text.plist.xml; path = Info.plist; sourceTree = "<group>"; };
		943EAC63216C5B760095522A /* main.m */ = {isa = PBXFileReference; lastKnownFileType = sourcecode.c.objc; path = main.m; sourceTree = "<group>"; };
		943EAC69216C5B760095522A /* TimeTests.xctest */ = {isa = PBXFileReference; explicitFileType = wrapper.cfbundle; includeInIndex = 0; path = TimeTests.xctest; sourceTree = BUILT_PRODUCTS_DIR; };
		943EAC6D216C5B760095522A /* TimeTests.m */ = {isa = PBXFileReference; lastKnownFileType = sourcecode.c.objc; path = TimeTests.m; sourceTree = "<group>"; };
		943EAC6F216C5B760095522A /* Info.plist */ = {isa = PBXFileReference; lastKnownFileType = text.plist.xml; path = Info.plist; sourceTree = "<group>"; };
		943EAC74216C5B760095522A /* TimeUITests.xctest */ = {isa = PBXFileReference; explicitFileType = wrapper.cfbundle; includeInIndex = 0; path = TimeUITests.xctest; sourceTree = BUILT_PRODUCTS_DIR; };
		943EAC78216C5B760095522A /* TimeUITests.m */ = {isa = PBXFileReference; lastKnownFileType = sourcecode.c.objc; path = TimeUITests.m; sourceTree = "<group>"; };
		943EAC7A216C5B760095522A /* Info.plist */ = {isa = PBXFileReference; lastKnownFileType = text.plist.xml; path = Info.plist; sourceTree = "<group>"; };
		943EAC87216C5C980095522A /* CJTimeConfig.h */ = {isa = PBXFileReference; lastKnownFileType = sourcecode.c.h; path = CJTimeConfig.h; sourceTree = "<group>"; };
		943EAC88216C5C980095522A /* CJTimeConfig.m */ = {isa = PBXFileReference; lastKnownFileType = sourcecode.c.objc; path = CJTimeConfig.m; sourceTree = "<group>"; };
		943EAC8A216C8BAE0095522A /* CJTime.h */ = {isa = PBXFileReference; lastKnownFileType = sourcecode.c.h; path = CJTime.h; sourceTree = "<group>"; };
		943EAC8B216C8BAE0095522A /* CJTime.m */ = {isa = PBXFileReference; lastKnownFileType = sourcecode.c.objc; path = CJTime.m; sourceTree = "<group>"; };
/* End PBXFileReference section */

/* Begin PBXFrameworksBuildPhase section */
		943EAC4E216C5B740095522A /* Frameworks */ = {
			isa = PBXFrameworksBuildPhase;
			buildActionMask = 2147483647;
			files = (
			);
			runOnlyForDeploymentPostprocessing = 0;
		};
		943EAC66216C5B760095522A /* Frameworks */ = {
			isa = PBXFrameworksBuildPhase;
			buildActionMask = 2147483647;
			files = (
			);
			runOnlyForDeploymentPostprocessing = 0;
		};
		943EAC71216C5B760095522A /* Frameworks */ = {
			isa = PBXFrameworksBuildPhase;
			buildActionMask = 2147483647;
			files = (
			);
			runOnlyForDeploymentPostprocessing = 0;
		};
/* End PBXFrameworksBuildPhase section */

/* Begin PBXGroup section */
		943EAC48216C5B740095522A = {
			isa = PBXGroup;
			children = (
				943EAC53216C5B740095522A /* Time */,
				943EAC6C216C5B760095522A /* TimeTests */,
				943EAC77216C5B760095522A /* TimeUITests */,
				943EAC52216C5B740095522A /* Products */,
			);
			sourceTree = "<group>";
		};
		943EAC52216C5B740095522A /* Products */ = {
			isa = PBXGroup;
			children = (
				943EAC51216C5B740095522A /* Time.app */,
				943EAC69216C5B760095522A /* TimeTests.xctest */,
				943EAC74216C5B760095522A /* TimeUITests.xctest */,
			);
			name = Products;
			sourceTree = "<group>";
		};
		943EAC53216C5B740095522A /* Time */ = {
			isa = PBXGroup;
			children = (
				943EAC86216C5C880095522A /* CJTime */,
				943EAC54216C5B740095522A /* AppDelegate.h */,
				943EAC55216C5B740095522A /* AppDelegate.m */,
				943EAC57216C5B740095522A /* ViewController.h */,
				943EAC58216C5B740095522A /* ViewController.m */,
				943EAC5D216C5B760095522A /* Assets.xcassets */,
				943EAC5F216C5B760095522A /* LaunchScreen.storyboard */,
				943EAC62216C5B760095522A /* Info.plist */,
				943EAC63216C5B760095522A /* main.m */,
			);
			path = Time;
			sourceTree = "<group>";
		};
		943EAC6C216C5B760095522A /* TimeTests */ = {
			isa = PBXGroup;
			children = (
				943EAC6D216C5B760095522A /* TimeTests.m */,
				943EAC6F216C5B760095522A /* Info.plist */,
			);
			path = TimeTests;
			sourceTree = "<group>";
		};
		943EAC77216C5B760095522A /* TimeUITests */ = {
			isa = PBXGroup;
			children = (
				943EAC78216C5B760095522A /* TimeUITests.m */,
				943EAC7A216C5B760095522A /* Info.plist */,
			);
			path = TimeUITests;
			sourceTree = "<group>";
		};
		943EAC86216C5C880095522A /* CJTime */ = {
			isa = PBXGroup;
			children = (
				943EAC87216C5C980095522A /* CJTimeConfig.h */,
				943EAC88216C5C980095522A /* CJTimeConfig.m */,
				943EAC8A216C8BAE0095522A /* CJTime.h */,
				943EAC8B216C8BAE0095522A /* CJTime.m */,
			);
			path = CJTime;
			sourceTree = "<group>";
		};
/* End PBXGroup section */

/* Begin PBXNativeTarget section */
		943EAC50216C5B740095522A /* Time */ = {
			isa = PBXNativeTarget;
			buildConfigurationList = 943EAC7D216C5B760095522A /* Build configuration list for PBXNativeTarget "Time" */;
			buildPhases = (
				943EAC4D216C5B740095522A /* Sources */,
				943EAC4E216C5B740095522A /* Frameworks */,
				943EAC4F216C5B740095522A /* Resources */,
			);
			buildRules = (
			);
			dependencies = (
			);
			name = Time;
			productName = Time;
			productReference = 943EAC51216C5B740095522A /* Time.app */;
			productType = "com.apple.product-type.application";
		};
		943EAC68216C5B760095522A /* TimeTests */ = {
			isa = PBXNativeTarget;
			buildConfigurationList = 943EAC80216C5B760095522A /* Build configuration list for PBXNativeTarget "TimeTests" */;
			buildPhases = (
				943EAC65216C5B760095522A /* Sources */,
				943EAC66216C5B760095522A /* Frameworks */,
				943EAC67216C5B760095522A /* Resources */,
			);
			buildRules = (
			);
			dependencies = (
				943EAC6B216C5B760095522A /* PBXTargetDependency */,
			);
			name = TimeTests;
			productName = TimeTests;
			productReference = 943EAC69216C5B760095522A /* TimeTests.xctest */;
			productType = "com.apple.product-type.bundle.unit-test";
		};
		943EAC73216C5B760095522A /* TimeUITests */ = {
			isa = PBXNativeTarget;
			buildConfigurationList = 943EAC83216C5B760095522A /* Build configuration list for PBXNativeTarget "TimeUITests" */;
			buildPhases = (
				943EAC70216C5B760095522A /* Sources */,
				943EAC71216C5B760095522A /* Frameworks */,
				943EAC72216C5B760095522A /* Resources */,
			);
			buildRules = (
			);
			dependencies = (
				943EAC76216C5B760095522A /* PBXTargetDependency */,
			);
			name = TimeUITests;
			productName = TimeUITests;
			productReference = 943EAC74216C5B760095522A /* TimeUITests.xctest */;
			productType = "com.apple.product-type.bundle.ui-testing";
		};
/* End PBXNativeTarget section */

/* Begin PBXProject section */
		943EAC49216C5B740095522A /* Project object */ = {
			isa = PBXProject;
			attributes = {
				CLASSPREFIX = CJ;
				LastUpgradeCheck = 1000;
				ORGANIZATIONNAME = "孙传俊";
				TargetAttributes = {
					943EAC50216C5B740095522A = {
						CreatedOnToolsVersion = 10.0;
					};
					943EAC68216C5B760095522A = {
						CreatedOnToolsVersion = 10.0;
						TestTargetID = 943EAC50216C5B740095522A;
					};
					943EAC73216C5B760095522A = {
						CreatedOnToolsVersion = 10.0;
						TestTargetID = 943EAC50216C5B740095522A;
					};
				};
			};
			buildConfigurationList = 943EAC4C216C5B740095522A /* Build configuration list for PBXProject "Time" */;
			compatibilityVersion = "Xcode 9.3";
			developmentRegion = en;
			hasScannedForEncodings = 0;
			knownRegions = (
				en,
				Base,
			);
			mainGroup = 943EAC48216C5B740095522A;
			productRefGroup = 943EAC52216C5B740095522A /* Products */;
			projectDirPath = "";
			projectRoot = "";
			targets = (
				943EAC50216C5B740095522A /* Time */,
				943EAC68216C5B760095522A /* TimeTests */,
				943EAC73216C5B760095522A /* TimeUITests */,
			);
		};
/* End PBXProject section */

/* Begin PBXResourcesBuildPhase section */
		943EAC4F216C5B740095522A /* Resources */ = {
			isa = PBXResourcesBuildPhase;
			buildActionMask = 2147483647;
			files = (
				943EAC61216C5B760095522A /* LaunchScreen.storyboard in Resources */,
				943EAC5E216C5B760095522A /* Assets.xcassets in Resources */,
			);
			runOnlyForDeploymentPostprocessing = 0;
		};
		943EAC67216C5B760095522A /* Resources */ = {
			isa = PBXResourcesBuildPhase;
			buildActionMask = 2147483647;
			files = (
			);
			runOnlyForDeploymentPostprocessing = 0;
		};
		943EAC72216C5B760095522A /* Resources */ = {
			isa = PBXResourcesBuildPhase;
			buildActionMask = 2147483647;
			files = (
			);
			runOnlyForDeploymentPostprocessing = 0;
		};
/* End PBXResourcesBuildPhase section */

/* Begin PBXSourcesBuildPhase section */
		943EAC4D216C5B740095522A /* Sources */ = {
			isa = PBXSourcesBuildPhase;
			buildActionMask = 2147483647;
			files = (
				943EAC59216C5B740095522A /* ViewController.m in Sources */,
				943EAC64216C5B760095522A /* main.m in Sources */,
				943EAC56216C5B740095522A /* AppDelegate.m in Sources */,
				943EAC8C216C8BAE0095522A /* CJTime.m in Sources */,
				943EAC89216C5C980095522A /* CJTimeConfig.m in Sources */,
			);
			runOnlyForDeploymentPostprocessing = 0;
		};
		943EAC65216C5B760095522A /* Sources */ = {
			isa = PBXSourcesBuildPhase;
			buildActionMask = 2147483647;
			files = (
				943EAC6E216C5B760095522A /* TimeTests.m in Sources */,
			);
			runOnlyForDeploymentPostprocessing = 0;
		};
		943EAC70216C5B760095522A /* Sources */ = {
			isa = PBXSourcesBuildPhase;
			buildActionMask = 2147483647;
			files = (
				943EAC79216C5B760095522A /* TimeUITests.m in Sources */,
			);
			runOnlyForDeploymentPostprocessing = 0;
		};
/* End PBXSourcesBuildPhase section */

/* Begin PBXTargetDependency section */
		943EAC6B216C5B760095522A /* PBXTargetDependency */ = {
			isa = PBXTargetDependency;
			target = 943EAC50216C5B740095522A /* Time */;
			targetProxy = 943EAC6A216C5B760095522A /* PBXContainerItemProxy */;
		};
		943EAC76216C5B760095522A /* PBXTargetDependency */ = {
			isa = PBXTargetDependency;
			target = 943EAC50216C5B740095522A /* Time */;
			targetProxy = 943EAC75216C5B760095522A /* PBXContainerItemProxy */;
		};
/* End PBXTargetDependency section */

/* Begin PBXVariantGroup section */
		943EAC5F216C5B760095522A /* LaunchScreen.storyboard */ = {
			isa = PBXVariantGroup;
			children = (
				943EAC60216C5B760095522A /* Base */,
			);
			name = LaunchScreen.storyboard;
			sourceTree = "<group>";
		};
/* End PBXVariantGroup section */

/* Begin XCBuildConfiguration section */
		943EAC7B216C5B760095522A /* Debug */ = {
			isa = XCBuildConfiguration;
			buildSettings = {
				ALWAYS_SEARCH_USER_PATHS = NO;
				CLANG_ANALYZER_NONNULL = YES;
				CLANG_ANALYZER_NUMBER_OBJECT_CONVERSION = YES_AGGRESSIVE;
				CLANG_CXX_LANGUAGE_STANDARD = "gnu++14";
				CLANG_CXX_LIBRARY = "libc++";
				CLANG_ENABLE_MODULES = YES;
				CLANG_ENABLE_OBJC_ARC = YES;
				CLANG_ENABLE_OBJC_WEAK = YES;
				CLANG_WARN_BLOCK_CAPTURE_AUTORELEASING = YES;
				CLANG_WARN_BOOL_CONVERSION = YES;
				CLANG_WARN_COMMA = YES;
				CLANG_WARN_CONSTANT_CONVERSION = YES;
				CLANG_WARN_DEPRECATED_OBJC_IMPLEMENTATIONS = YES;
				CLANG_WARN_DIRECT_OBJC_ISA_USAGE = YES_ERROR;
				CLANG_WARN_DOCUMENTATION_COMMENTS = YES;
				CLANG_WARN_EMPTY_BODY = YES;
				CLANG_WARN_ENUM_CONVERSION = YES;
				CLANG_WARN_INFINITE_RECURSION = YES;
				CLANG_WARN_INT_CONVERSION = YES;
				CLANG_WARN_NON_LITERAL_NULL_CONVERSION = YES;
				CLANG_WARN_OBJC_IMPLICIT_RETAIN_SELF = YES;
				CLANG_WARN_OBJC_LITERAL_CONVERSION = YES;
				CLANG_WARN_OBJC_ROOT_CLASS = YES_ERROR;
				CLANG_WARN_RANGE_LOOP_ANALYSIS = YES;
				CLANG_WARN_STRICT_PROTOTYPES = YES;
				CLANG_WARN_SUSPICIOUS_MOVE = YES;
				CLANG_WARN_UNGUARDED_AVAILABILITY = YES_AGGRESSIVE;
				CLANG_WARN_UNREACHABLE_CODE = YES;
				CLANG_WARN__DUPLICATE_METHOD_MATCH = YES;
				CODE_SIGN_IDENTITY = "iPhone Developer";
				COPY_PHASE_STRIP = NO;
				DEBUG_INFORMATION_FORMAT = dwarf;
				ENABLE_STRICT_OBJC_MSGSEND = YES;
				ENABLE_TESTABILITY = YES;
				GCC_C_LANGUAGE_STANDARD = gnu11;
				GCC_DYNAMIC_NO_PIC = NO;
				GCC_NO_COMMON_BLOCKS = YES;
				GCC_OPTIMIZATION_LEVEL = 0;
				GCC_PREPROCESSOR_DEFINITIONS = (
					"DEBUG=1",
					"$(inherited)",
				);
				GCC_WARN_64_TO_32_BIT_CONVERSION = YES;
				GCC_WARN_ABOUT_RETURN_TYPE = YES_ERROR;
				GCC_WARN_UNDECLARED_SELECTOR = YES;
				GCC_WARN_UNINITIALIZED_AUTOS = YES_AGGRESSIVE;
				GCC_WARN_UNUSED_FUNCTION = YES;
				GCC_WARN_UNUSED_VARIABLE = YES;
				IPHONEOS_DEPLOYMENT_TARGET = 12.0;
				MTL_ENABLE_DEBUG_INFO = INCLUDE_SOURCE;
				MTL_FAST_MATH = YES;
				ONLY_ACTIVE_ARCH = YES;
				SDKROOT = iphoneos;
			};
			name = Debug;
		};
		943EAC7C216C5B760095522A /* Release */ = {
			isa = XCBuildConfiguration;
			buildSettings = {
				ALWAYS_SEARCH_USER_PATHS = NO;
				CLANG_ANALYZER_NONNULL = YES;
				CLANG_ANALYZER_NUMBER_OBJECT_CONVERSION = YES_AGGRESSIVE;
				CLANG_CXX_LANGUAGE_STANDARD = "gnu++14";
				CLANG_CXX_LIBRARY = "libc++";
				CLANG_ENABLE_MODULES = YES;
				CLANG_ENABLE_OBJC_ARC = YES;
				CLANG_ENABLE_OBJC_WEAK = YES;
				CLANG_WARN_BLOCK_CAPTURE_AUTORELEASING = YES;
				CLANG_WARN_BOOL_CONVERSION = YES;
				CLANG_WARN_COMMA = YES;
				CLANG_WARN_CONSTANT_CONVERSION = YES;
				CLANG_WARN_DEPRECATED_OBJC_IMPLEMENTATIONS = YES;
				CLANG_WARN_DIRECT_OBJC_ISA_USAGE = YES_ERROR;
				CLANG_WARN_DOCUMENTATION_COMMENTS = YES;
				CLANG_WARN_EMPTY_BODY = YES;
				CLANG_WARN_ENUM_CONVERSION = YES;
				CLANG_WARN_INFINITE_RECURSION = YES;
				CLANG_WARN_INT_CONVERSION = YES;
				CLANG_WARN_NON_LITERAL_NULL_CONVERSION = YES;
				CLANG_WARN_OBJC_IMPLICIT_RETAIN_SELF = YES;
				CLANG_WARN_OBJC_LITERAL_CONVERSION = YES;
				CLANG_WARN_OBJC_ROOT_CLASS = YES_ERROR;
				CLANG_WARN_RANGE_LOOP_ANALYSIS = YES;
				CLANG_WARN_STRICT_PROTOTYPES = YES;
				CLANG_WARN_SUSPICIOUS_MOVE = YES;
				CLANG_WARN_UNGUARDED_AVAILABILITY = YES_AGGRESSIVE;
				CLANG_WARN_UNREACHABLE_CODE = YES;
				CLANG_WARN__DUPLICATE_METHOD_MATCH = YES;
				CODE_SIGN_IDENTITY = "iPhone Developer";
				COPY_PHASE_STRIP = NO;
				DEBUG_INFORMATION_FORMAT = "dwarf-with-dsym";
				ENABLE_NS_ASSERTIONS = NO;
				ENABLE_STRICT_OBJC_MSGSEND = YES;
				GCC_C_LANGUAGE_STANDARD = gnu11;
				GCC_NO_COMMON_BLOCKS = YES;
				GCC_WARN_64_TO_32_BIT_CONVERSION = YES;
				GCC_WARN_ABOUT_RETURN_TYPE = YES_ERROR;
				GCC_WARN_UNDECLARED_SELECTOR = YES;
				GCC_WARN_UNINITIALIZED_AUTOS = YES_AGGRESSIVE;
				GCC_WARN_UNUSED_FUNCTION = YES;
				GCC_WARN_UNUSED_VARIABLE = YES;
				IPHONEOS_DEPLOYMENT_TARGET = 12.0;
				MTL_ENABLE_DEBUG_INFO = NO;
				MTL_FAST_MATH = YES;
				SDKROOT = iphoneos;
				VALIDATE_PRODUCT = YES;
			};
			name = Release;
		};
		943EAC7E216C5B760095522A /* Debug */ = {
			isa = XCBuildConfiguration;
			buildSettings = {
				ASSETCATALOG_COMPILER_APPICON_NAME = AppIcon;
				CODE_SIGN_STYLE = Automatic;
				DEVELOPMENT_TEAM = ZP6CZ68WG4;
				INFOPLIST_FILE = Time/Info.plist;
				IPHONEOS_DEPLOYMENT_TARGET = 10.0;
				LD_RUNPATH_SEARCH_PATHS = (
					"$(inherited)",
					"@executable_path/Frameworks",
				);
				PRODUCT_BUNDLE_IDENTIFIER = com.lutuxinxi.Time;
				PRODUCT_NAME = "$(TARGET_NAME)";
				TARGETED_DEVICE_FAMILY = 1;
			};
			name = Debug;
		};
		943EAC7F216C5B760095522A /* Release */ = {
			isa = XCBuildConfiguration;
			buildSettings = {
				ASSETCATALOG_COMPILER_APPICON_NAME = AppIcon;
				CODE_SIGN_STYLE = Automatic;
				DEVELOPMENT_TEAM = ZP6CZ68WG4;
				INFOPLIST_FILE = Time/Info.plist;
				IPHONEOS_DEPLOYMENT_TARGET = 10.0;
				LD_RUNPATH_SEARCH_PATHS = (
					"$(inherited)",
					"@executable_path/Frameworks",
				);
				PRODUCT_BUNDLE_IDENTIFIER = com.lutuxinxi.Time;
				PRODUCT_NAME = "$(TARGET_NAME)";
				TARGETED_DEVICE_FAMILY = 1;
			};
			name = Release;
		};
		943EAC81216C5B760095522A /* Debug */ = {
			isa = XCBuildConfiguration;
			buildSettings = {
				BUNDLE_LOADER = "$(TEST_HOST)";
				CODE_SIGN_STYLE = Automatic;
				DEVELOPMENT_TEAM = ZP6CZ68WG4;
				INFOPLIST_FILE = TimeTests/Info.plist;
				LD_RUNPATH_SEARCH_PATHS = (
					"$(inherited)",
					"@executable_path/Frameworks",
					"@loader_path/Frameworks",
				);
				PRODUCT_BUNDLE_IDENTIFIER = com.lutuxinxi.TimeTests;
				PRODUCT_NAME = "$(TARGET_NAME)";
				TARGETED_DEVICE_FAMILY = "1,2";
				TEST_HOST = "$(BUILT_PRODUCTS_DIR)/Time.app/Time";
			};
			name = Debug;
		};
		943EAC82216C5B760095522A /* Release */ = {
			isa = XCBuildConfiguration;
			buildSettings = {
				BUNDLE_LOADER = "$(TEST_HOST)";
				CODE_SIGN_STYLE = Automatic;
				DEVELOPMENT_TEAM = ZP6CZ68WG4;
				INFOPLIST_FILE = TimeTests/Info.plist;
				LD_RUNPATH_SEARCH_PATHS = (
					"$(inherited)",
					"@executable_path/Frameworks",
					"@loader_path/Frameworks",
				);
				PRODUCT_BUNDLE_IDENTIFIER = com.lutuxinxi.TimeTests;
				PRODUCT_NAME = "$(TARGET_NAME)";
				TARGETED_DEVICE_FAMILY = "1,2";
				TEST_HOST = "$(BUILT_PRODUCTS_DIR)/Time.app/Time";
			};
			name = Release;
		};
		943EAC84216C5B760095522A /* Debug */ = {
			isa = XCBuildConfiguration;
			buildSettings = {
				CODE_SIGN_STYLE = Automatic;
				DEVELOPMENT_TEAM = ZP6CZ68WG4;
				INFOPLIST_FILE = TimeUITests/Info.plist;
				LD_RUNPATH_SEARCH_PATHS = (
					"$(inherited)",
					"@executable_path/Frameworks",
					"@loader_path/Frameworks",
				);
				PRODUCT_BUNDLE_IDENTIFIER = com.lutuxinxi.TimeUITests;
				PRODUCT_NAME = "$(TARGET_NAME)";
				TARGETED_DEVICE_FAMILY = "1,2";
				TEST_TARGET_NAME = Time;
			};
			name = Debug;
		};
		943EAC85216C5B760095522A /* Release */ = {
			isa = XCBuildConfiguration;
			buildSettings = {
				CODE_SIGN_STYLE = Automatic;
				DEVELOPMENT_TEAM = ZP6CZ68WG4;
				INFOPLIST_FILE = TimeUITests/Info.plist;
				LD_RUNPATH_SEARCH_PATHS = (
					"$(inherited)",
					"@executable_path/Frameworks",
					"@loader_path/Frameworks",
				);
				PRODUCT_BUNDLE_IDENTIFIER = com.lutuxinxi.TimeUITests;
				PRODUCT_NAME = "$(TARGET_NAME)";
				TARGETED_DEVICE_FAMILY = "1,2";
				TEST_TARGET_NAME = Time;
			};
			name = Release;
		};
/* End XCBuildConfiguration section */

/* Begin XCConfigurationList section */
		943EAC4C216C5B740095522A /* Build configuration list for PBXProject "Time" */ = {
			isa = XCConfigurationList;
			buildConfigurations = (
				943EAC7B216C5B760095522A /* Debug */,
				943EAC7C216C5B760095522A /* Release */,
			);
			defaultConfigurationIsVisible = 0;
			defaultConfigurationName = Release;
		};
		943EAC7D216C5B760095522A /* Build configuration list for PBXNativeTarget "Time" */ = {
			isa = XCConfigurationList;
			buildConfigurations = (
				943EAC7E216C5B760095522A /* Debug */,
				943EAC7F216C5B760095522A /* Release */,
			);
			defaultConfigurationIsVisible = 0;
			defaultConfigurationName = Release;
		};
		943EAC80216C5B760095522A /* Build configuration list for PBXNativeTarget "TimeTests" */ = {
			isa = XCConfigurationList;
			buildConfigurations = (
				943EAC81216C5B760095522A /* Debug */,
				943EAC82216C5B760095522A /* Release */,
			);
			defaultConfigurationIsVisible = 0;
			defaultConfigurationName = Release;
		};
		943EAC83216C5B760095522A /* Build configuration list for PBXNativeTarget "TimeUITests" */ = {
			isa = XCConfigurationList;
			buildConfigurations = (
				943EAC84216C5B760095522A /* Debug */,
				943EAC85216C5B760095522A /* Release */,
			);
			defaultConfigurationIsVisible = 0;
			defaultConfigurationName = Release;
		};
/* End XCConfigurationList section */
	};
	rootObject = 943EAC49216C5B740095522A /* Project object */;
}
